
Microsoft Visual Studio Solution File, Format Version 12.00
# Visual Studio Version 17
VisualStudioVersion = 17.9.34728.123
MinimumVisualStudioVersion = 10.0.40219.1
Project("{FAE04EC0-301F-11D3-BF4B-00C04F79EFBC}") = "WindowsFormsApp3", "WindowsFormsApp3.csproj", "{6DD115ED-E003-491D-B2AA-7E65E8BED440}"
EndProject
Global
	GlobalSection(SolutionConfigurationPlatforms) = preSolution
		Debug|Any CPU = Debug|Any CPU
		Release|Any CPU = Release|Any CPU
	EndGlobalSection
	GlobalSection(ProjectConfigurationPlatforms) = postSolution
		{6DD115ED-E003-491D-B2AA-7E65E8BED440}.Debug|Any CPU.ActiveCfg = Debug|Any CPU
		{6DD115ED-E003-491D-B2AA-7E65E8BED440}.Debug|Any CPU.Build.0 = Debug|Any CPU
		{6DD115ED-E003-491D-B2AA-7E65E8BED440}.Release|Any CPU.ActiveCfg = Release|Any CPU
		{6DD115ED-E003-491D-B2AA-7E65E8BED440}.Release|Any CPU.Build.0 = Release|Any CPU
	EndGlobalSection
	GlobalSection(SolutionProperties) = preSolution
		HideSolutionNode = FALSE
	EndGlobalSection
	GlobalSection(ExtensibilityGlobals) = postSolution
		SolutionGuid = {55D92038-F9D8-427E-9F9D-074901671531}
	EndGlobalSection
EndGlobal
